{
    "assets": {
        "url": "git@github.com:drcl-deploy/assets.git",
        "sha": "90e226008bda5edc9c07ca3eb69f9f79c4603de1",
        "path": "dependencies/assets",
        "pip_install": true,
        "lfs": true
    },
    "retargeted_motions": {
        "url": "https://huggingface.co/datasets/l-k-r/retargeted_motions",
        "sha": "5b766829f5e35d186ee54fb47694ced4c74a8aa5",
        "path": "data/retargeted_motions",
        "pip_install": false,
        "lfs": true
    },
    "mocke": {
        "url": "git@github.com:lok-i/mocke.git",
        "sha": "7d2d274a5f14bf92952d7cd9a34ac52b389ca729",
        "path": "dependencies/mocke",
        "pip_install": true,
        "pip_no_deps": true,
        "lfs": false
    },
    "rsl_rl": {
        "url": "git@github.com:lok-i/rsl_rl.git",
        "sha": "4f8b9b3b657f27397a3337dabafb7ef7398387b4",
        "path": "dependencies/rsl_rl",
        "pip_install": true,
        "lfs": false
    }
}
