{
    "assets": {
        "url": "git@github.com:drcl-deploy/assets.git",
        "sha": "0d5ab0709f27e2a1fffc08b6f67e4c7e52df6f6a",
        "path": "dependencies/assets",
        "pip_install": true,
        "lfs": true
    },
    "retargeted_motions": {
        "url": "https://huggingface.co/datasets/l-k-r/retargeted_motions",
        "sha": "5b766829f5e35d186ee54fb47694ced4c74a8aa5",
        "path": "data/retargeted_motions",
        "pip_install": false,
        "lfs": true
    },
    "mocke": {
        "url": "git@github.com:lok-i/mocke.git",
        "sha": "d82830bbfe3d8120e012fe9130d6c785b520ef91",
        "path": "dependencies/mocke",
        "pip_install": true,
        "pip_no_deps": true,
        "lfs": false
    },
    "rsl_rl": {
        "url": "git@github.com:lok-i/rsl_rl.git",
        "sha": "30aef22e5aea1477f133f966da1aed202c42c308",
        "path": "dependencies/rsl_rl",
        "pip_install": true,
        "lfs": false
    }
}
